
Microsoft Visual Studio Solution File, Format Version 12.00
# Visual Studio Version 16
VisualStudioVersion = 16.0.29519.87
MinimumVisualStudioVersion = 10.0.40219.1
Project("{FAE04EC0-301F-11D3-BF4B-00C04F79EFBC}") = "Suppliers", "Suppliers\Suppliers.csproj", "{DAB30307-2145-41E4-8754-262E068DC385}"
EndProject
Global
	GlobalSection(SolutionConfigurationPlatforms) = preSolution
		Debug|Any CPU = Debug|Any CPU
		Release|Any CPU = Release|Any CPU
	EndGlobalSection
	GlobalSection(ProjectConfigurationPlatforms) = postSolution
		{DAB30307-2145-41E4-8754-262E068DC385}.Debug|Any CPU.ActiveCfg = Debug|Any CPU
		{DAB30307-2145-41E4-8754-262E068DC385}.Debug|Any CPU.Build.0 = Debug|Any CPU
		{DAB30307-2145-41E4-8754-262E068DC385}.Release|Any CPU.ActiveCfg = Release|Any CPU
		{DAB30307-2145-41E4-8754-262E068DC385}.Release|Any CPU.Build.0 = Release|Any CPU
	EndGlobalSection
	GlobalSection(SolutionProperties) = preSolution
		HideSolutionNode = FALSE
	EndGlobalSection
	GlobalSection(ExtensibilityGlobals) = postSolution
		SolutionGuid = {0B598617-3DBE-4F0E-AF5E-AC4058D2F083}
	EndGlobalSection
EndGlobal
